{
    "_readme": [
        "This file locks the dependencies of your project to a known state",
        "Read more about it at https://getcomposer.org/doc/01-basic-usage.md#installing-dependencies",
        "This file is @generated automatically"
    ],
    "content-hash": "8c5dbcbfb59158868914de6042ef9e89",
    "packages": [
        {
            "name": "colinmollenhour/credis",
            "version": "v1.15.0",
            "source": {
                "type": "git",
                "url": "https://github.com/colinmollenhour/credis.git",
                "reference": "28810439de1d9597b7ba11794ed9479fb6f3de7c"
            },
            "dist": {
                "type": "zip",
                "url": "https://api.github.com/repos/colinmollenhour/credis/zipball/28810439de1d9597b7ba11794ed9479fb6f3de7c",
                "reference": "28810439de1d9597b7ba11794ed9479fb6f3de7c",
                "shasum": ""
            },
            "require": {
                "php": ">=5.6.0"
            },
            "suggest": {
                "ext-redis": "Improved performance for communicating with redis"
            },
            "type": "library",
            "autoload": {
                "classmap": [
                    "Client.php",
                    "Cluster.php",
                    "Sentinel.php",
                    "Module.php"
                ]
            },
            "notification-url": "https://packagist.org/downloads/",
            "license": [
                "MIT"
            ],
            "authors": [
                {
                    "name": "Colin Mollenhour",
                    "email": "colin@mollenhour.com"
                }
            ],
            "description": "Credis is a lightweight interface to the Redis key-value store which wraps the phpredis library when available for better performance.",
            "homepage": "https://github.com/colinmollenhour/credis",
            "support": {
                "issues": "https://github.com/colinmollenhour/credis/issues",
                "source": "https://github.com/colinmollenhour/credis/tree/v1.15.0"
            },
            "time": "2023-04-18T15:34:23+00:00"
        },
        {
            "name": "psr/log",
            "version": "1.1.4",
            "source": {
                "type": "git",
                "url": "https://github.com/php-fig/log.git",
                "reference": "d49695b909c3b7628b6289db5479a1c204601f11"
            },
            "dist": {
                "type": "zip",
                "url": "https://api.github.com/repos/php-fig/log/zipball/d49695b909c3b7628b6289db5479a1c204601f11",
                "reference": "d49695b909c3b7628b6289db5479a1c204601f11",
                "shasum": ""
            },
            "require": {
                "php": ">=5.3.0"
            },
            "type": "library",
            "extra": {
                "branch-alias": {
                    "dev-master": "1.1.x-dev"
                }
            },
            "autoload": {
                "psr-4": {
                    "Psr\\Log\\": "Psr/Log/"
                }
            },
            "notification-url": "https://packagist.org/downloads/",
            "license": [
                "MIT"
            ],
            "authors": [
                {
                    "name": "PHP-FIG",
                    "homepage": "https://www.php-fig.org/"
                }
            ],
            "description": "Common interface for logging libraries",
            "homepage": "https://github.com/php-fig/log",
            "keywords": [
                "log",
                "psr",
                "psr-3"
            ],
            "support": {
                "source": "https://github.com/php-fig/log/tree/1.1.4"
            },
            "time": "2021-05-03T11:20:27+00:00"
        },
        {
            "name": "resque/php-resque",
            "version": "dev-develop",
            "source": {
                "type": "git",
                "url": "https://github.com/resque/php-resque.git",
                "reference": "a240bcb2940dce88fd0b3570bd9d14574e479c45"
            },
            "dist": {
                "type": "zip",
                "url": "https://api.github.com/repos/resque/php-resque/zipball/a240bcb2940dce88fd0b3570bd9d14574e479c45",
                "reference": "a240bcb2940dce88fd0b3570bd9d14574e479c45",
                "shasum": ""
            },
            "require": {
                "colinmollenhour/credis": "~1.7",
                "php": ">=5.6.0",
                "psr/log": "~1.0"
            },
            "require-dev": {
                "phpunit/phpunit": "^5.7"
            },
            "suggest": {
                "ext-pcntl": "REQUIRED for forking processes on platforms that support it (so anything but Windows).",
                "ext-proctitle": "Allows php-resque to rename the title of UNIX processes to show the status of a worker.",
                "ext-redis": "Native PHP extension for Redis connectivity. Credis will automatically utilize when available."
            },
            "default-branch": true,
            "bin": [
                "bin/resque",
                "bin/resque-scheduler"
            ],
            "type": "library",
            "extra": {
                "branch-alias": {
                    "dev-master": "1.0-dev"
                }
            },
            "autoload": {
                "psr-4": {
                    "Resque\\": "lib"
                }
            },
            "notification-url": "https://packagist.org/downloads/",
            "license": [
                "MIT"
            ],
            "authors": [
                {
                    "name": "Dan Hunsaker",
                    "email": "danhunsaker+resque@gmail.com",
                    "role": "Maintainer"
                },
                {
                    "name": "Rajib Ahmed",
                    "homepage": "https://github.com/rajibahmed",
                    "role": "Maintainer"
                },
                {
                    "name": "Steve Klabnik",
                    "email": "steve@steveklabnik.com",
                    "role": "Maintainer"
                },
                {
                    "name": "Chris Boulton",
                    "email": "chris@bigcommerce.com",
                    "role": "Creator"
                }
            ],
            "description": "Redis backed library for creating background jobs and processing them later. Based on resque for Ruby.",
            "homepage": "http://www.github.com/resque/php-resque/",
            "keywords": [
                "background",
                "job",
                "redis",
                "resque"
            ],
            "support": {
                "issues": "https://github.com/resque/php-resque/issues",
                "source": "https://github.com/resque/php-resque/tree/develop"
            },
            "time": "2023-08-10T15:17:15+00:00"
        },
        {
            "name": "symfony/deprecation-contracts",
            "version": "v3.3.0",
            "source": {
                "type": "git",
                "url": "https://github.com/symfony/deprecation-contracts.git",
                "reference": "7c3aff79d10325257a001fcf92d991f24fc967cf"
            },
            "dist": {
                "type": "zip",
                "url": "https://api.github.com/repos/symfony/deprecation-contracts/zipball/7c3aff79d10325257a001fcf92d991f24fc967cf",
                "reference": "7c3aff79d10325257a001fcf92d991f24fc967cf",
                "shasum": ""
            },
            "require": {
                "php": ">=8.1"
            },
            "type": "library",
            "extra": {
                "branch-alias": {
                    "dev-main": "3.4-dev"
                },
                "thanks": {
                    "name": "symfony/contracts",
                    "url": "https://github.com/symfony/contracts"
                }
            },
            "autoload": {
                "files": [
                    "function.php"
                ]
            },
            "notification-url": "https://packagist.org/downloads/",
            "license": [
                "MIT"
            ],
            "authors": [
                {
                    "name": "Nicolas Grekas",
                    "email": "p@tchwork.com"
                },
                {
                    "name": "Symfony Community",
                    "homepage": "https://symfony.com/contributors"
                }
            ],
            "description": "A generic function and convention to trigger deprecation notices",
            "homepage": "https://symfony.com",
            "support": {
                "source": "https://github.com/symfony/deprecation-contracts/tree/v3.3.0"
            },
            "funding": [
                {
                    "url": "https://symfony.com/sponsor",
                    "type": "custom"
                },
                {
                    "url": "https://github.com/fabpot",
                    "type": "github"
                },
                {
                    "url": "https://tidelift.com/funding/github/packagist/symfony/symfony",
                    "type": "tidelift"
                }
            ],
            "time": "2023-05-23T14:45:45+00:00"
        },
        {
            "name": "symfony/polyfill-ctype",
            "version": "v1.28.0",
            "source": {
                "type": "git",
                "url": "https://github.com/symfony/polyfill-ctype.git",
                "reference": "ea208ce43cbb04af6867b4fdddb1bdbf84cc28cb"
            },
            "dist": {
                "type": "zip",
                "url": "https://api.github.com/repos/symfony/polyfill-ctype/zipball/ea208ce43cbb04af6867b4fdddb1bdbf84cc28cb",
                "reference": "ea208ce43cbb04af6867b4fdddb1bdbf84cc28cb",
                "shasum": ""
            },
            "require": {
                "php": ">=7.1"
            },
            "provide": {
                "ext-ctype": "*"
            },
            "suggest": {
                "ext-ctype": "For best performance"
            },
            "type": "library",
            "extra": {
                "branch-alias": {
                    "dev-main": "1.28-dev"
                },
                "thanks": {
                    "name": "symfony/polyfill",
                    "url": "https://github.com/symfony/polyfill"
                }
            },
            "autoload": {
                "files": [
                    "bootstrap.php"
                ],
                "psr-4": {
                    "Symfony\\Polyfill\\Ctype\\": ""
                }
            },
            "notification-url": "https://packagist.org/downloads/",
            "license": [
                "MIT"
            ],
            "authors": [
                {
                    "name": "Gert de Pagter",
                    "email": "BackEndTea@gmail.com"
                },
                {
                    "name": "Symfony Community",
                    "homepage": "https://symfony.com/contributors"
                }
            ],
            "description": "Symfony polyfill for ctype functions",
            "homepage": "https://symfony.com",
            "keywords": [
                "compatibility",
                "ctype",
                "polyfill",
                "portable"
            ],
            "support": {
                "source": "https://github.com/symfony/polyfill-ctype/tree/v1.28.0"
            },
            "funding": [
                {
                    "url": "https://symfony.com/sponsor",
                    "type": "custom"
                },
                {
                    "url": "https://github.com/fabpot",
                    "type": "github"
                },
                {
                    "url": "https://tidelift.com/funding/github/packagist/symfony/symfony",
                    "type": "tidelift"
                }
            ],
            "time": "2023-01-26T09:26:14+00:00"
        },
        {
            "name": "symfony/yaml",
            "version": "v6.3.3",
            "source": {
                "type": "git",
                "url": "https://github.com/symfony/yaml.git",
                "reference": "e23292e8c07c85b971b44c1c4b87af52133e2add"
            },
            "dist": {
                "type": "zip",
                "url": "https://api.github.com/repos/symfony/yaml/zipball/e23292e8c07c85b971b44c1c4b87af52133e2add",
                "reference": "e23292e8c07c85b971b44c1c4b87af52133e2add",
                "shasum": ""
            },
            "require": {
                "php": ">=8.1",
                "symfony/deprecation-contracts": "^2.5|^3",
                "symfony/polyfill-ctype": "^1.8"
            },
            "conflict": {
                "symfony/console": "<5.4"
            },
            "require-dev": {
                "symfony/console": "^5.4|^6.0"
            },
            "bin": [
                "Resources/bin/yaml-lint"
            ],
            "type": "library",
            "autoload": {
                "psr-4": {
                    "Symfony\\Component\\Yaml\\": ""
                },
                "exclude-from-classmap": [
                    "/Tests/"
                ]
            },
            "notification-url": "https://packagist.org/downloads/",
            "license": [
                "MIT"
            ],
            "authors": [
                {
                    "name": "Fabien Potencier",
                    "email": "fabien@symfony.com"
                },
                {
                    "name": "Symfony Community",
                    "homepage": "https://symfony.com/contributors"
                }
            ],
            "description": "Loads and dumps YAML files",
            "homepage": "https://symfony.com",
            "support": {
                "source": "https://github.com/symfony/yaml/tree/v6.3.3"
            },
            "funding": [
                {
                    "url": "https://symfony.com/sponsor",
                    "type": "custom"
                },
                {
                    "url": "https://github.com/fabpot",
                    "type": "github"
                },
                {
                    "url": "https://tidelift.com/funding/github/packagist/symfony/symfony",
                    "type": "tidelift"
                }
            ],
            "time": "2023-07-31T07:08:24+00:00"
        }
    ],
    "packages-dev": [
        {
            "name": "phpstan/phpstan",
            "version": "1.10.36",
            "source": {
                "type": "git",
                "url": "https://github.com/phpstan/phpstan.git",
                "reference": "ffa3089511121a672e62969404e4fddc753f9b15"
            },
            "dist": {
                "type": "zip",
                "url": "https://api.github.com/repos/phpstan/phpstan/zipball/ffa3089511121a672e62969404e4fddc753f9b15",
                "reference": "ffa3089511121a672e62969404e4fddc753f9b15",
                "shasum": ""
            },
            "require": {
                "php": "^7.2|^8.0"
            },
            "conflict": {
                "phpstan/phpstan-shim": "*"
            },
            "bin": [
                "phpstan",
                "phpstan.phar"
            ],
            "type": "library",
            "autoload": {
                "files": [
                    "bootstrap.php"
                ]
            },
            "notification-url": "https://packagist.org/downloads/",
            "license": [
                "MIT"
            ],
            "description": "PHPStan - PHP Static Analysis Tool",
            "keywords": [
                "dev",
                "static analysis"
            ],
            "support": {
                "docs": "https://phpstan.org/user-guide/getting-started",
                "forum": "https://github.com/phpstan/phpstan/discussions",
                "issues": "https://github.com/phpstan/phpstan/issues",
                "security": "https://github.com/phpstan/phpstan/security/policy",
                "source": "https://github.com/phpstan/phpstan-src"
            },
            "funding": [
                {
                    "url": "https://github.com/ondrejmirtes",
                    "type": "github"
                },
                {
                    "url": "https://github.com/phpstan",
                    "type": "github"
                },
                {
                    "url": "https://tidelift.com/funding/github/packagist/phpstan/phpstan",
                    "type": "tidelift"
                }
            ],
            "time": "2023-09-29T14:07:45+00:00"
        }
    ],
    "aliases": [],
    "minimum-stability": "stable",
    "stability-flags": {
        "resque/php-resque": 20
    },
    "prefer-stable": false,
    "prefer-lowest": false,
    "platform": {
        "php": ">=5.4.0"
    },
    "platform-dev": [],
    "plugin-api-version": "2.6.0"
}
